// !$*UTF8*$!
{
	archiveVersion = 1;
	classes = {
	};
	objectVersion = 46;
	objects = {

/* Begin PBXBuildFile section */
		DE19EC6F1B9BB58400FFAABB /* AppDelegate.swift in Sources */ = {isa = PBXBuildFile; fileRef = DE19EC6E1B9BB58400FFAABB /* AppDelegate.swift */; };
		DE19EC711B9BB58400FFAABB /* ViewController.swift in Sources */ = {isa = PBXBuildFile; fileRef = DE19EC701B9BB58400FFAABB /* ViewController.swift */; };
		DE19EC741B9BB58400FFAABB /* Main.storyboard in Resources */ = {isa = PBXBuildFile; fileRef = DE19EC721B9BB58400FFAABB /* Main.storyboard */; };
		DE19EC761B9BB58400FFAABB /* Assets.xcassets in Resources */ = {isa = PBXBuildFile; fileRef = DE19EC751B9BB58400FFAABB /* Assets.xcassets */; };
		DE19EC791B9BB58400FFAABB /* LaunchScreen.storyboard in Resources */ = {isa = PBXBuildFile; fileRef = DE19EC771B9BB58400FFAABB /* LaunchScreen.storyboard */; };
/* End PBXBuildFile section */

/* Begin PBXFileReference section */
		DE19EC6B1B9BB58400FFAABB /* Hello World.app */ = {isa = PBXFileReference; explicitFileType = wrapper.application; includeInIndex = 0; path = "Hello World.app"; sourceTree = BUILT_PRODUCTS_DIR; };
		DE19EC6E1B9BB58400FFAABB /* AppDelegate.swift */ = {isa = PBXFileReference; lastKnownFileType = sourcecode.swift; path = AppDelegate.swift; sourceTree = "<group>"; };
		DE19EC701B9BB58400FFAABB /* ViewController.swift */ = {isa = PBXFileReference; lastKnownFileType = sourcecode.swift; path = ViewController.swift; sourceTree = "<group>"; };
		DE19EC731B9BB58400FFAABB /* Base */ = {isa = PBXFileReference; lastKnownFileType = file.storyboard; name = Base; path = Base.lproj/Main.storyboard; sourceTree = "<group>"; };
		DE19EC751B9BB58400FFAABB /* Assets.xcassets */ = {isa = PBXFileReference; lastKnownFileType = folder.assetcatalog; path = Assets.xcassets; sourceTree = "<group>"; };
		DE19EC781B9BB58400FFAABB /* Base */ = {isa = PBXFileReference; lastKnownFileType = file.storyboard; name = Base; path = Base.lproj/LaunchScreen.storyboard; sourceTree = "<group>"; };
		DE19EC7A1B9BB58400FFAABB /* Info.plist */ = {isa = PBXFileReference; lastKnownFileType = text.plist.xml; path = Info.plist; sourceTree = "<group>"; };
/* End PBXFileReference section */

/* Begin PBXFrameworksBuildPhase section */
		DE19EC681B9BB58400FFAABB /* Frameworks */ = {
			isa = PBXFrameworksBuildPhase;
			buildActionMask = 2147483647;
			files = (
			);
			runOnlyForDeploymentPostprocessing = 0;
		};
/* End PBXFrameworksBuildPhase section */

/* Begin PBXGroup section */
		DE19EC621B9BB58400FFAABB = {
			isa = PBXGroup;
			children = (
				DE19EC6D1B9BB58400FFAABB /* Hello World */,
				DE19EC6C1B9BB58400FFAABB /* Products */,
			);
			sourceTree = "<group>";
		};
		DE19EC6C1B9BB58400FFAABB /* Products */ = {
			isa = PBXGroup;
			children = (
				DE19EC6B1B9BB58400FFAABB /* Hello World.app */,
			);
			name = Products;
			sourceTree = "<group>";
		};
		DE19EC6D1B9BB58400FFAABB /* Hello World */ = {
			isa = PBXGroup;
			children = (
				DE19EC6E1B9BB58400FFAABB /* AppDelegate.swift */,
				DE19EC701B9BB58400FFAABB /* ViewController.swift */,
				DE19EC721B9BB58400FFAABB /* Main.storyboard */,
				DE19EC751B9BB58400FFAABB /* Assets.xcassets */,
				DE19EC771B9BB58400FFAABB /* LaunchScreen.storyboard */,
				DE19EC7A1B9BB58400FFAABB /* Info.plist */,
			);
			path = "Hello World";
			sourceTree = "<group>";
		};
/* End PBXGroup section */

/* Begin PBXNativeTarget section */
		DE19EC6A1B9BB58400FFAABB /* Hello World */ = {
			isa = PBXNativeTarget;
			buildConfigurationList = DE19EC7D1B9BB58400FFAABB /* Build configuration list for PBXNativeTarget "Hello World" */;
			buildPhases = (
				DE19EC671B9BB58400FFAABB /* Sources */,
				DE19EC681B9BB58400FFAABB /* Frameworks */,
				DE19EC691B9BB58400FFAABB /* Resources */,
			);
			buildRules = (
			);
			dependencies = (
			);
			name = "Hello World";
			productName = "Hello World";
			productReference = DE19EC6B1B9BB58400FFAABB /* Hello World.app */;
			productType = "com.apple.product-type.application";
		};
/* End PBXNativeTarget section */

/* Begin PBXProject section */
		DE19EC631B9BB58400FFAABB /* Project object */ = {
			isa = PBXProject;
			attributes = {
				LastUpgradeCheck = 0700;
				ORGANIZATIONNAME = HashRocket;
				TargetAttributes = {
					DE19EC6A1B9BB58400FFAABB = {
						CreatedOnToolsVersion = 7.0;
					};
				};
			};
			buildConfigurationList = DE19EC661B9BB58400FFAABB /* Build configuration list for PBXProject "Hello World" */;
			compatibilityVersion = "Xcode 3.2";
			developmentRegion = English;
			hasScannedForEncodings = 0;
			knownRegions = (
				en,
				Base,
			);
			mainGroup = DE19EC621B9BB58400FFAABB;
			productRefGroup = DE19EC6C1B9BB58400FFAABB /* Products */;
			projectDirPath = "";
			projectRoot = "";
			targets = (
				DE19EC6A1B9BB58400FFAABB /* Hello World */,
			);
		};
/* End PBXProject section */

/* Begin PBXResourcesBuildPhase section */
		DE19EC691B9BB58400FFAABB /* Resources */ = {
			isa = PBXResourcesBuildPhase;
			buildActionMask = 2147483647;
			files = (
				DE19EC791B9BB58400FFAABB /* LaunchScreen.storyboard in Resources */,
				DE19EC761B9BB58400FFAABB /* Assets.xcassets in Resources */,
				DE19EC741B9BB58400FFAABB /* Main.storyboard in Resources */,
			);
			runOnlyForDeploymentPostprocessing = 0;
		};
/* End PBXResourcesBuildPhase section */

/* Begin PBXSourcesBuildPhase section */
		DE19EC671B9BB58400FFAABB /* Sources */ = {
			isa = PBXSourcesBuildPhase;
			buildActionMask = 2147483647;
			files = (
				DE19EC711B9BB58400FFAABB /* ViewController.swift in Sources */,
				DE19EC6F1B9BB58400FFAABB /* AppDelegate.swift in Sources */,
			);
			runOnlyForDeploymentPostprocessing = 0;
		};
/* End PBXSourcesBuildPhase section */

/* Begin PBXVariantGroup section */
		DE19EC721B9BB58400FFAABB /* Main.storyboard */ = {
			isa = PBXVariantGroup;
			children = (
				DE19EC731B9BB58400FFAABB /* Base */,
			);
			name = Main.storyboard;
			sourceTree = "<group>";
		};
		DE19EC771B9BB58400FFAABB /* LaunchScreen.storyboard */ = {
			isa = PBXVariantGroup;
			children = (
				DE19EC781B9BB58400FFAABB /* Base */,
			);
			name = LaunchScreen.storyboard;
			sourceTree = "<group>";
		};
/* End PBXVariantGroup section */

/* Begin XCBuildConfiguration section */
		DE19EC7B1B9BB58400FFAABB /* Debug */ = {
			isa = XCBuildConfiguration;
			buildSettings = {
				ALWAYS_SEARCH_USER_PATHS = NO;
				CLANG_CXX_LANGUAGE_STANDARD = "gnu++0x";
				CLANG_CXX_LIBRARY = "libc++";
				CLANG_ENABLE_MODULES = YES;
				CLANG_ENABLE_OBJC_ARC = YES;
				CLANG_WARN_BOOL_CONVERSION = YES;
				CLANG_WARN_CONSTANT_CONVERSION = YES;
				CLANG_WARN_DIRECT_OBJC_ISA_USAGE = YES_ERROR;
				CLANG_WARN_EMPTY_BODY = YES;
				CLANG_WARN_ENUM_CONVERSION = YES;
				CLANG_WARN_INT_CONVERSION = YES;
				CLANG_WARN_OBJC_ROOT_CLASS = YES_ERROR;
				CLANG_WARN_UNREACHABLE_CODE = YES;
				CLANG_WARN__DUPLICATE_METHOD_MATCH = YES;
				"CODE_SIGN_IDENTITY[sdk=iphoneos*]" = "iPhone Developer";
				COPY_PHASE_STRIP = NO;
				DEBUG_INFORMATION_FORMAT = dwarf;
				ENABLE_STRICT_OBJC_MSGSEND = YES;
				ENABLE_TESTABILITY = YES;
				GCC_C_LANGUAGE_STANDARD = gnu99;
				GCC_DYNAMIC_NO_PIC = NO;
				GCC_NO_COMMON_BLOCKS = YES;
				GCC_OPTIMIZATION_LEVEL = 0;
				GCC_PREPROCESSOR_DEFINITIONS = (
					"DEBUG=1",
					"$(inherited)",
				);
				GCC_WARN_64_TO_32_BIT_CONVERSION = YES;
				GCC_WARN_ABOUT_RETURN_TYPE = YES_ERROR;
				GCC_WARN_UNDECLARED_SELECTOR = YES;
				GCC_WARN_UNINITIALIZED_AUTOS = YES_AGGRESSIVE;
				GCC_WARN_UNUSED_FUNCTION = YES;
				GCC_WARN_UNUSED_VARIABLE = YES;
				IPHONEOS_DEPLOYMENT_TARGET = 9.0;
				MTL_ENABLE_DEBUG_INFO = YES;
				ONLY_ACTIVE_ARCH = YES;
				SDKROOT = iphoneos;
				SWIFT_OPTIMIZATION_LEVEL = "-Onone";
			};
			name = Debug;
		};
		DE19EC7C1B9BB58400FFAABB /* Release */ = {
			isa = XCBuildConfiguration;
			buildSettings = {
				ALWAYS_SEARCH_USER_PATHS = NO;
				CLANG_CXX_LANGUAGE_STANDARD = "gnu++0x";
				CLANG_CXX_LIBRARY = "libc++";
				CLANG_ENABLE_MODULES = YES;
				CLANG_ENABLE_OBJC_ARC = YES;
				CLANG_WARN_BOOL_CONVERSION = YES;
				CLANG_WARN_CONSTANT_CONVERSION = YES;
				CLANG_WARN_DIRECT_OBJC_ISA_USAGE = YES_ERROR;
				CLANG_WARN_EMPTY_BODY = YES;
				CLANG_WARN_ENUM_CONVERSION = YES;
				CLANG_WARN_INT_CONVERSION = YES;
				CLANG_WARN_OBJC_ROOT_CLASS = YES_ERROR;
				CLANG_WARN_UNREACHABLE_CODE = YES;
				CLANG_WARN__DUPLICATE_METHOD_MATCH = YES;
				"CODE_SIGN_IDENTITY[sdk=iphoneos*]" = "iPhone Developer";
				COPY_PHASE_STRIP = NO;
				DEBUG_INFORMATION_FORMAT = "dwarf-with-dsym";
				ENABLE_NS_ASSERTIONS = NO;
				ENABLE_STRICT_OBJC_MSGSEND = YES;
				GCC_C_LANGUAGE_STANDARD = gnu99;
				GCC_NO_COMMON_BLOCKS = YES;
				GCC_WARN_64_TO_32_BIT_CONVERSION = YES;
				GCC_WARN_ABOUT_RETURN_TYPE = YES_ERROR;
				GCC_WARN_UNDECLARED_SELECTOR = YES;
				GCC_WARN_UNINITIALIZED_AUTOS = YES_AGGRESSIVE;
				GCC_WARN_UNUSED_FUNCTION = YES;
				GCC_WARN_UNUSED_VARIABLE = YES;
				IPHONEOS_DEPLOYMENT_TARGET = 9.0;
				MTL_ENABLE_DEBUG_INFO = NO;
				SDKROOT = iphoneos;
				VALIDATE_PRODUCT = YES;
			};
			name = Release;
		};
		DE19EC7E1B9BB58400FFAABB /* Debug */ = {
			isa = XCBuildConfiguration;
			buildSettings = {
				ASSETCATALOG_COMPILER_APPICON_NAME = AppIcon;
				INFOPLIST_FILE = "Hello World/Info.plist";
				LD_RUNPATH_SEARCH_PATHS = "$(inherited) @executable_path/Frameworks";
				PRODUCT_BUNDLE_IDENTIFIER = "Open-Sky-Media--LLC.Hello-World";
				PRODUCT_NAME = "$(TARGET_NAME)";
			};
			name = Debug;
		};
		DE19EC7F1B9BB58400FFAABB /* Release */ = {
			isa = XCBuildConfiguration;
			buildSettings = {
				ASSETCATALOG_COMPILER_APPICON_NAME = AppIcon;
				INFOPLIST_FILE = "Hello World/Info.plist";
				LD_RUNPATH_SEARCH_PATHS = "$(inherited) @executable_path/Frameworks";
				PRODUCT_BUNDLE_IDENTIFIER = "Open-Sky-Media--LLC.Hello-World";
				PRODUCT_NAME = "$(TARGET_NAME)";
			};
			name = Release;
		};
/* End XCBuildConfiguration section */

/* Begin XCConfigurationList section */
		DE19EC661B9BB58400FFAABB /* Build configuration list for PBXProject "Hello World" */ = {
			isa = XCConfigurationList;
			buildConfigurations = (
				DE19EC7B1B9BB58400FFAABB /* Debug */,
				DE19EC7C1B9BB58400FFAABB /* Release */,
			);
			defaultConfigurationIsVisible = 0;
			defaultConfigurationName = Release;
		};
		DE19EC7D1B9BB58400FFAABB /* Build configuration list for PBXNativeTarget "Hello World" */ = {
			isa = XCConfigurationList;
			buildConfigurations = (
				DE19EC7E1B9BB58400FFAABB /* Debug */,
				DE19EC7F1B9BB58400FFAABB /* Release */,
			);
			defaultConfigurationIsVisible = 0;
		};
/* End XCConfigurationList section */
	};
	rootObject = DE19EC631B9BB58400FFAABB /* Project object */;
}
